
Microsoft Visual Studio Solution File, Format Version 12.00
# Visual Studio Version 16
VisualStudioVersion = 16.0.30114.105
MinimumVisualStudioVersion = 10.0.40219.1
Project("{9A19103F-16F7-4668-BE54-9A1E7A4F7556}") = "MSUnitTestProject", "MSUnitTestProject\MSUnitTestProject.csproj", "{71E39B94-38FA-4458-B23E-A5D84F7CDEB9}"
EndProject
Global
	GlobalSection(SolutionConfigurationPlatforms) = preSolution
		Debug|Any CPU = Debug|Any CPU
		Release|Any CPU = Release|Any CPU
	EndGlobalSection
	GlobalSection(ProjectConfigurationPlatforms) = postSolution
		{71E39B94-38FA-4458-B23E-A5D84F7CDEB9}.Debug|Any CPU.ActiveCfg = Debug|Any CPU
		{71E39B94-38FA-4458-B23E-A5D84F7CDEB9}.Debug|Any CPU.Build.0 = Debug|Any CPU
		{71E39B94-38FA-4458-B23E-A5D84F7CDEB9}.Release|Any CPU.ActiveCfg = Release|Any CPU
		{71E39B94-38FA-4458-B23E-A5D84F7CDEB9}.Release|Any CPU.Build.0 = Release|Any CPU
	EndGlobalSection
	GlobalSection(SolutionProperties) = preSolution
		HideSolutionNode = FALSE
	EndGlobalSection
	GlobalSection(ExtensibilityGlobals) = postSolution
		SolutionGuid = {FE138761-52F4-4A1B-B281-1FD1EF30CBB6}
	EndGlobalSection
EndGlobal
